
Microsoft Visual Studio Solution File, Format Version 12.00
# Visual Studio Version 17
VisualStudioVersion = 17.6.33815.320
MinimumVisualStudioVersion = 10.0.40219.1
Project("{FAE04EC0-301F-11D3-BF4B-00C04F79EFBC}") = "First", "First\First.csproj", "{634E1BF3-21BE-4C23-B644-B04FD6BF7F77}"
EndProject
Global
	GlobalSection(SolutionConfigurationPlatforms) = preSolution
		Debug|Any CPU = Debug|Any CPU
		Release|Any CPU = Release|Any CPU
	EndGlobalSection
	GlobalSection(ProjectConfigurationPlatforms) = postSolution
		{634E1BF3-21BE-4C23-B644-B04FD6BF7F77}.Debug|Any CPU.ActiveCfg = Debug|Any CPU
		{634E1BF3-21BE-4C23-B644-B04FD6BF7F77}.Debug|Any CPU.Build.0 = Debug|Any CPU
		{634E1BF3-21BE-4C23-B644-B04FD6BF7F77}.Release|Any CPU.ActiveCfg = Release|Any CPU
		{634E1BF3-21BE-4C23-B644-B04FD6BF7F77}.Release|Any CPU.Build.0 = Release|Any CPU
	EndGlobalSection
	GlobalSection(SolutionProperties) = preSolution
		HideSolutionNode = FALSE
	EndGlobalSection
	GlobalSection(ExtensibilityGlobals) = postSolution
		SolutionGuid = {04575F3D-4526-4110-950E-5A77D4E768A4}
	EndGlobalSection
EndGlobal
